
Microsoft Visual Studio Solution File, Format Version 12.00
# Visual Studio Version 16
VisualStudioVersion = 16.0.30406.217
MinimumVisualStudioVersion = 10.0.40219.1
Project("{9A19103F-16F7-4668-BE54-9A1E7A4F7556}") = "UoW.Database.Robert", "UoW.Database.Robert\UoW.Database.Robert.csproj", "{9186C634-13D9-459B-AD81-35E2773657D9}"
EndProject
Project("{2150E333-8FDC-42A3-9474-1A3956D46DE8}") = "Databases", "Databases", "{DAD26E50-5610-497D-9322-4FC547E30788}"
EndProject
Project("{2150E333-8FDC-42A3-9474-1A3956D46DE8}") = "Entities", "Entities", "{4E143332-6772-4E57-8DC5-5BA036509C7C}"
EndProject
Project("{9A19103F-16F7-4668-BE54-9A1E7A4F7556}") = "UoW.Global.Rivers", "UoW.Global.Rivers\UoW.Global.Rivers.csproj", "{666DC8E3-F019-42DB-A77F-DD522B084D4E}"
EndProject
Project("{9A19103F-16F7-4668-BE54-9A1E7A4F7556}") = "UoW.Students.Sand", "UoW.Students.Sand\UoW.Students.Sand.csproj", "{58838625-8C4B-4714-AB80-ED211CA75566}"
EndProject
Project("{9A19103F-16F7-4668-BE54-9A1E7A4F7556}") = "UoW.Faculties.Flowers", "UoW.Faculties.Flowers\UoW.Faculties.Flowers.csproj", "{E6CF6D59-A392-4795-A580-A184BBFBE6E1}"
EndProject
Project("{9A19103F-16F7-4668-BE54-9A1E7A4F7556}") = "UoW.Books.Snow", "UoW.Books.Snow\UoW.Books.Snow.csproj", "{E2C03C4B-F42F-49E1-8625-B96BF914007E}"
EndProject
Project("{FAE04EC0-301F-11D3-BF4B-00C04F79EFBC}") = "UoW.Courses.Storm", "UoW.Courses.Storm\UoW.Courses.Storm.csproj", "{7D1D1F1B-1AFD-4DF6-AFB1-4A4525679249}"
EndProject
Global
	GlobalSection(SolutionConfigurationPlatforms) = preSolution
		Debug|Any CPU = Debug|Any CPU
		Release|Any CPU = Release|Any CPU
	EndGlobalSection
	GlobalSection(ProjectConfigurationPlatforms) = postSolution
		{9186C634-13D9-459B-AD81-35E2773657D9}.Debug|Any CPU.ActiveCfg = Debug|Any CPU
		{9186C634-13D9-459B-AD81-35E2773657D9}.Debug|Any CPU.Build.0 = Debug|Any CPU
		{9186C634-13D9-459B-AD81-35E2773657D9}.Release|Any CPU.ActiveCfg = Release|Any CPU
		{9186C634-13D9-459B-AD81-35E2773657D9}.Release|Any CPU.Build.0 = Release|Any CPU
		{666DC8E3-F019-42DB-A77F-DD522B084D4E}.Debug|Any CPU.ActiveCfg = Debug|Any CPU
		{666DC8E3-F019-42DB-A77F-DD522B084D4E}.Debug|Any CPU.Build.0 = Debug|Any CPU
		{666DC8E3-F019-42DB-A77F-DD522B084D4E}.Release|Any CPU.ActiveCfg = Release|Any CPU
		{666DC8E3-F019-42DB-A77F-DD522B084D4E}.Release|Any CPU.Build.0 = Release|Any CPU
		{58838625-8C4B-4714-AB80-ED211CA75566}.Debug|Any CPU.ActiveCfg = Debug|Any CPU
		{58838625-8C4B-4714-AB80-ED211CA75566}.Debug|Any CPU.Build.0 = Debug|Any CPU
		{58838625-8C4B-4714-AB80-ED211CA75566}.Release|Any CPU.ActiveCfg = Release|Any CPU
		{58838625-8C4B-4714-AB80-ED211CA75566}.Release|Any CPU.Build.0 = Release|Any CPU
		{E6CF6D59-A392-4795-A580-A184BBFBE6E1}.Debug|Any CPU.ActiveCfg = Debug|Any CPU
		{E6CF6D59-A392-4795-A580-A184BBFBE6E1}.Debug|Any CPU.Build.0 = Debug|Any CPU
		{E6CF6D59-A392-4795-A580-A184BBFBE6E1}.Release|Any CPU.ActiveCfg = Release|Any CPU
		{E6CF6D59-A392-4795-A580-A184BBFBE6E1}.Release|Any CPU.Build.0 = Release|Any CPU
		{E2C03C4B-F42F-49E1-8625-B96BF914007E}.Debug|Any CPU.ActiveCfg = Debug|Any CPU
		{E2C03C4B-F42F-49E1-8625-B96BF914007E}.Debug|Any CPU.Build.0 = Debug|Any CPU
		{E2C03C4B-F42F-49E1-8625-B96BF914007E}.Release|Any CPU.ActiveCfg = Release|Any CPU
		{E2C03C4B-F42F-49E1-8625-B96BF914007E}.Release|Any CPU.Build.0 = Release|Any CPU
		{7D1D1F1B-1AFD-4DF6-AFB1-4A4525679249}.Debug|Any CPU.ActiveCfg = Debug|Any CPU
		{7D1D1F1B-1AFD-4DF6-AFB1-4A4525679249}.Debug|Any CPU.Build.0 = Debug|Any CPU
		{7D1D1F1B-1AFD-4DF6-AFB1-4A4525679249}.Release|Any CPU.ActiveCfg = Release|Any CPU
		{7D1D1F1B-1AFD-4DF6-AFB1-4A4525679249}.Release|Any CPU.Build.0 = Release|Any CPU
	EndGlobalSection
	GlobalSection(SolutionProperties) = preSolution
		HideSolutionNode = FALSE
	EndGlobalSection
	GlobalSection(NestedProjects) = preSolution
		{9186C634-13D9-459B-AD81-35E2773657D9} = {DAD26E50-5610-497D-9322-4FC547E30788}
		{666DC8E3-F019-42DB-A77F-DD522B084D4E} = {4E143332-6772-4E57-8DC5-5BA036509C7C}
		{58838625-8C4B-4714-AB80-ED211CA75566} = {4E143332-6772-4E57-8DC5-5BA036509C7C}
		{E6CF6D59-A392-4795-A580-A184BBFBE6E1} = {4E143332-6772-4E57-8DC5-5BA036509C7C}
		{E2C03C4B-F42F-49E1-8625-B96BF914007E} = {4E143332-6772-4E57-8DC5-5BA036509C7C}
		{7D1D1F1B-1AFD-4DF6-AFB1-4A4525679249} = {4E143332-6772-4E57-8DC5-5BA036509C7C}
	EndGlobalSection
	GlobalSection(ExtensibilityGlobals) = postSolution
		SolutionGuid = {F202F8CF-4468-4ABA-81EE-2811A2E494E9}
	EndGlobalSection
EndGlobal
