
Microsoft Visual Studio Solution File, Format Version 12.00
# Visual Studio Version 16
VisualStudioVersion = 16.0.30406.217
MinimumVisualStudioVersion = 10.0.40219.1
Project("{9A19103F-16F7-4668-BE54-9A1E7A4F7556}") = "UoW.Database.Robert", "UoW.Database.Robert\UoW.Database.Robert.csproj", "{9186C634-13D9-459B-AD81-35E2773657D9}"
EndProject
Project("{2150E333-8FDC-42A3-9474-1A3956D46DE8}") = "Databases", "Databases", "{DAD26E50-5610-497D-9322-4FC547E30788}"
EndProject
Project("{2150E333-8FDC-42A3-9474-1A3956D46DE8}") = "Entities", "Entities", "{4E143332-6772-4E57-8DC5-5BA036509C7C}"
EndProject
Project("{FAE04EC0-301F-11D3-BF4B-00C04F79EFBC}") = "UoW.Global.Rivers", "UoW.Global.Rivers\UoW.Global.Rivers.csproj", "{666DC8E3-F019-42DB-A77F-DD522B084D4E}"
EndProject
Global
	GlobalSection(SolutionConfigurationPlatforms) = preSolution
		Debug|Any CPU = Debug|Any CPU
		Release|Any CPU = Release|Any CPU
	EndGlobalSection
	GlobalSection(ProjectConfigurationPlatforms) = postSolution
		{9186C634-13D9-459B-AD81-35E2773657D9}.Debug|Any CPU.ActiveCfg = Debug|Any CPU
		{9186C634-13D9-459B-AD81-35E2773657D9}.Debug|Any CPU.Build.0 = Debug|Any CPU
		{9186C634-13D9-459B-AD81-35E2773657D9}.Release|Any CPU.ActiveCfg = Release|Any CPU
		{9186C634-13D9-459B-AD81-35E2773657D9}.Release|Any CPU.Build.0 = Release|Any CPU
		{666DC8E3-F019-42DB-A77F-DD522B084D4E}.Debug|Any CPU.ActiveCfg = Debug|Any CPU
		{666DC8E3-F019-42DB-A77F-DD522B084D4E}.Debug|Any CPU.Build.0 = Debug|Any CPU
		{666DC8E3-F019-42DB-A77F-DD522B084D4E}.Release|Any CPU.ActiveCfg = Release|Any CPU
		{666DC8E3-F019-42DB-A77F-DD522B084D4E}.Release|Any CPU.Build.0 = Release|Any CPU
	EndGlobalSection
	GlobalSection(SolutionProperties) = preSolution
		HideSolutionNode = FALSE
	EndGlobalSection
	GlobalSection(NestedProjects) = preSolution
		{9186C634-13D9-459B-AD81-35E2773657D9} = {DAD26E50-5610-497D-9322-4FC547E30788}
		{666DC8E3-F019-42DB-A77F-DD522B084D4E} = {4E143332-6772-4E57-8DC5-5BA036509C7C}
	EndGlobalSection
	GlobalSection(ExtensibilityGlobals) = postSolution
		SolutionGuid = {F202F8CF-4468-4ABA-81EE-2811A2E494E9}
	EndGlobalSection
EndGlobal
